// !$*UTF8*$!
{
	archiveVersion = 1;
	classes = {
	};
	objectVersion = 46;
	objects = {

/* Begin PBXBuildFile section */
		CD1AAFBE15A24DFC0061D8FE /* QuartzCore.framework in Frameworks */ = {isa = PBXBuildFile; fileRef = CD1AAFBD15A24DFC0061D8FE /* QuartzCore.framework */; };
		CD37204A15A739C400B517B9 /* FacialRecognition.m in Sources */ = {isa = PBXBuildFile; fileRef = CD37204915A739C400B517B9 /* FacialRecognition.m */; };
		CD37205015A739F300B517B9 /* EyeRecognition.m in Sources */ = {isa = PBXBuildFile; fileRef = CD37204F15A739F300B517B9 /* EyeRecognition.m */; };
		CD37205415A73D8C00B517B9 /* FaceComComm.m in Sources */ = {isa = PBXBuildFile; fileRef = CD37205315A73D8C00B517B9 /* FaceComComm.m */; };
		CD37206415A7412100B517B9 /* QTKit.framework in Frameworks */ = {isa = PBXBuildFile; fileRef = CD37206315A7412100B517B9 /* QTKit.framework */; };
		CD37206715A7416200B517B9 /* VideoCapture.m in Sources */ = {isa = PBXBuildFile; fileRef = CD37206615A7416200B517B9 /* VideoCapture.m */; };
		CD37206915A74A8000B517B9 /* CoreGraphics.framework in Frameworks */ = {isa = PBXBuildFile; fileRef = CD37206815A74A8000B517B9 /* CoreGraphics.framework */; };
		CD3720F115A7658500B517B9 /* Security.framework in Frameworks */ = {isa = PBXBuildFile; fileRef = CD3720F015A7658500B517B9 /* Security.framework */; };
		CD3720F315A7658E00B517B9 /* SystemConfiguration.framework in Frameworks */ = {isa = PBXBuildFile; fileRef = CD3720F215A7658E00B517B9 /* SystemConfiguration.framework */; };
		CD3720F515A7659700B517B9 /* CFNetwork.framework in Frameworks */ = {isa = PBXBuildFile; fileRef = CD3720F415A7659700B517B9 /* CFNetwork.framework */; };
		CD37216915A7680B00B517B9 /* ASIDataCompressor.m in Sources */ = {isa = PBXBuildFile; fileRef = CD37211A15A7680B00B517B9 /* ASIDataCompressor.m */; settings = {COMPILER_FLAGS = "-fno-objc-arc"; }; };
		CD37216A15A7680B00B517B9 /* ASIDataDecompressor.m in Sources */ = {isa = PBXBuildFile; fileRef = CD37211C15A7680B00B517B9 /* ASIDataDecompressor.m */; settings = {COMPILER_FLAGS = "-fno-objc-arc"; }; };
		CD37216B15A7680B00B517B9 /* ASIDownloadCache.m in Sources */ = {isa = PBXBuildFile; fileRef = CD37211E15A7680B00B517B9 /* ASIDownloadCache.m */; settings = {COMPILER_FLAGS = "-fno-objc-arc"; }; };
		CD37216C15A7680B00B517B9 /* ASIFormDataRequest.m in Sources */ = {isa = PBXBuildFile; fileRef = CD37212015A7680B00B517B9 /* ASIFormDataRequest.m */; settings = {COMPILER_FLAGS = "-fno-objc-arc"; }; };
		CD37216D15A7680B00B517B9 /* ASIHTTPRequest.m in Sources */ = {isa = PBXBuildFile; fileRef = CD37212215A7680B00B517B9 /* ASIHTTPRequest.m */; settings = {COMPILER_FLAGS = "-fno-objc-arc"; }; };
		CD37216E15A7680B00B517B9 /* ASIInputStream.m in Sources */ = {isa = PBXBuildFile; fileRef = CD37212615A7680B00B517B9 /* ASIInputStream.m */; settings = {COMPILER_FLAGS = "-fno-objc-arc"; }; };
		CD37216F15A7680B00B517B9 /* ASINetworkQueue.m in Sources */ = {isa = PBXBuildFile; fileRef = CD37212815A7680B00B517B9 /* ASINetworkQueue.m */; settings = {COMPILER_FLAGS = "-fno-objc-arc"; }; };
		CD37217015A7680B00B517B9 /* ASIWebPageRequest.m in Sources */ = {isa = PBXBuildFile; fileRef = CD37212C15A7680B00B517B9 /* ASIWebPageRequest.m */; settings = {COMPILER_FLAGS = "-fno-objc-arc"; }; };
		CD37217115A7680B00B517B9 /* ASICloudFilesCDNRequest.m in Sources */ = {isa = PBXBuildFile; fileRef = CD37212F15A7680B00B517B9 /* ASICloudFilesCDNRequest.m */; settings = {COMPILER_FLAGS = "-fno-objc-arc"; }; };
		CD37217215A7680B00B517B9 /* ASICloudFilesContainer.m in Sources */ = {isa = PBXBuildFile; fileRef = CD37213115A7680B00B517B9 /* ASICloudFilesContainer.m */; settings = {COMPILER_FLAGS = "-fno-objc-arc"; }; };
		CD37217315A7680B00B517B9 /* ASICloudFilesContainerRequest.m in Sources */ = {isa = PBXBuildFile; fileRef = CD37213315A7680B00B517B9 /* ASICloudFilesContainerRequest.m */; settings = {COMPILER_FLAGS = "-fno-objc-arc"; }; };
		CD37217415A7680B00B517B9 /* ASICloudFilesContainerXMLParserDelegate.m in Sources */ = {isa = PBXBuildFile; fileRef = CD37213515A7680B00B517B9 /* ASICloudFilesContainerXMLParserDelegate.m */; settings = {COMPILER_FLAGS = "-fno-objc-arc"; }; };
		CD37217515A7680B00B517B9 /* ASICloudFilesObject.m in Sources */ = {isa = PBXBuildFile; fileRef = CD37213715A7680B00B517B9 /* ASICloudFilesObject.m */; settings = {COMPILER_FLAGS = "-fno-objc-arc"; }; };
		CD37217615A7680B00B517B9 /* ASICloudFilesObjectRequest.m in Sources */ = {isa = PBXBuildFile; fileRef = CD37213915A7680B00B517B9 /* ASICloudFilesObjectRequest.m */; settings = {COMPILER_FLAGS = "-fno-objc-arc"; }; };
		CD37217715A7680B00B517B9 /* ASICloudFilesRequest.m in Sources */ = {isa = PBXBuildFile; fileRef = CD37213B15A7680B00B517B9 /* ASICloudFilesRequest.m */; settings = {COMPILER_FLAGS = "-fno-objc-arc"; }; };
		CD37217815A7680B00B517B9 /* ASIS3Bucket.m in Sources */ = {isa = PBXBuildFile; fileRef = CD37213F15A7680B00B517B9 /* ASIS3Bucket.m */; settings = {COMPILER_FLAGS = "-fno-objc-arc"; }; };
		CD37217915A7680B00B517B9 /* ASIS3BucketObject.m in Sources */ = {isa = PBXBuildFile; fileRef = CD37214115A7680B00B517B9 /* ASIS3BucketObject.m */; settings = {COMPILER_FLAGS = "-fno-objc-arc"; }; };
		CD37217A15A7680B00B517B9 /* ASIS3BucketRequest.m in Sources */ = {isa = PBXBuildFile; fileRef = CD37214315A7680B00B517B9 /* ASIS3BucketRequest.m */; settings = {COMPILER_FLAGS = "-fno-objc-arc"; }; };
		CD37217B15A7680B00B517B9 /* ASIS3ObjectRequest.m in Sources */ = {isa = PBXBuildFile; fileRef = CD37214515A7680B00B517B9 /* ASIS3ObjectRequest.m */; settings = {COMPILER_FLAGS = "-fno-objc-arc"; }; };
		CD37217C15A7680B00B517B9 /* ASIS3Request.m in Sources */ = {isa = PBXBuildFile; fileRef = CD37214715A7680B00B517B9 /* ASIS3Request.m */; settings = {COMPILER_FLAGS = "-fno-objc-arc"; }; };
		CD37217D15A7680B00B517B9 /* ASIS3ServiceRequest.m in Sources */ = {isa = PBXBuildFile; fileRef = CD37214915A7680B00B517B9 /* ASIS3ServiceRequest.m */; settings = {COMPILER_FLAGS = "-fno-objc-arc"; }; };
		CD37218E15A7689D00B517B9 /* libz.dylib in Frameworks */ = {isa = PBXBuildFile; fileRef = CD37218D15A7689D00B517B9 /* libz.dylib */; };
		CD37219015A769DF00B517B9 /* libxml2.dylib in Frameworks */ = {isa = PBXBuildFile; fileRef = CD37218F15A769DF00B517B9 /* libxml2.dylib */; };
		CD4CCBA015A5EFD100CDAC7C /* Handler.m in Sources */ = {isa = PBXBuildFile; fileRef = CD4CCB9F15A5EFD100CDAC7C /* Handler.m */; };
		CD50D25215A2379F00E48536 /* PercentDisplay.m in Sources */ = {isa = PBXBuildFile; fileRef = CD50D25115A2379F00E48536 /* PercentDisplay.m */; };
		CD50D25615A2397B00E48536 /* GraphDisplay.m in Sources */ = {isa = PBXBuildFile; fileRef = CD50D25515A2397B00E48536 /* GraphDisplay.m */; };
		CD50D25815A2420B00E48536 /* PercentDisplay.xib in Resources */ = {isa = PBXBuildFile; fileRef = CD50D25715A2420B00E48536 /* PercentDisplay.xib */; };
		CD6BD5C8159EDBB60040CAB6 /* Cocoa.framework in Frameworks */ = {isa = PBXBuildFile; fileRef = CD6BD5C7159EDBB60040CAB6 /* Cocoa.framework */; };
		CD6BD5D2159EDBB60040CAB6 /* InfoPlist.strings in Resources */ = {isa = PBXBuildFile; fileRef = CD6BD5D0159EDBB60040CAB6 /* InfoPlist.strings */; };
		CD6BD5D4159EDBB60040CAB6 /* main.m in Sources */ = {isa = PBXBuildFile; fileRef = CD6BD5D3159EDBB60040CAB6 /* main.m */; };
		CD6BD5D8159EDBB60040CAB6 /* Credits.rtf in Resources */ = {isa = PBXBuildFile; fileRef = CD6BD5D6159EDBB60040CAB6 /* Credits.rtf */; };
		CD6BD5DB159EDBB60040CAB6 /* AppDelegate.m in Sources */ = {isa = PBXBuildFile; fileRef = CD6BD5DA159EDBB60040CAB6 /* AppDelegate.m */; };
		CD6BD5DE159EDBB60040CAB6 /* MainMenu.xib in Resources */ = {isa = PBXBuildFile; fileRef = CD6BD5DC159EDBB60040CAB6 /* MainMenu.xib */; };
		CD6BD5E6159EDBB60040CAB6 /* SenTestingKit.framework in Frameworks */ = {isa = PBXBuildFile; fileRef = CD6BD5E5159EDBB60040CAB6 /* SenTestingKit.framework */; };
		CD6BD5E7159EDBB60040CAB6 /* Cocoa.framework in Frameworks */ = {isa = PBXBuildFile; fileRef = CD6BD5C7159EDBB60040CAB6 /* Cocoa.framework */; };
		CD6BD5EF159EDBB60040CAB6 /* InfoPlist.strings in Resources */ = {isa = PBXBuildFile; fileRef = CD6BD5ED159EDBB60040CAB6 /* InfoPlist.strings */; };
		CD6BD5F2159EDBB60040CAB6 /* EPOC_TesterTests.m in Sources */ = {isa = PBXBuildFile; fileRef = CD6BD5F1159EDBB60040CAB6 /* EPOC_TesterTests.m */; };
		CD93482415A4A5B300F90139 /* SpotifyHandler.m in Sources */ = {isa = PBXBuildFile; fileRef = CD93482315A4A5B300F90139 /* SpotifyHandler.m */; };
		CD93483615A4A8DC00F90139 /* CocoaLibSpotify.framework in Frameworks */ = {isa = PBXBuildFile; fileRef = CD93481C15A4A4E100F90139 /* CocoaLibSpotify.framework */; };
		CD95D2A015A34D0C0092EC7C /* CorePlot.framework in Frameworks */ = {isa = PBXBuildFile; fileRef = CD1AAFBA15A24B9F0061D8FE /* CorePlot.framework */; };
		CD95D2C315A37C640092EC7C /* SystemMonitor.m in Sources */ = {isa = PBXBuildFile; fileRef = CD95D2C215A37C630092EC7C /* SystemMonitor.m */; };
		CDD2F9A515A697CE001D3DD6 /* DicHandler.m in Sources */ = {isa = PBXBuildFile; fileRef = CDD2F9A415A697CE001D3DD6 /* DicHandler.m */; };
/* End PBXBuildFile section */

/* Begin PBXContainerItemProxy section */
		CD6BD5E8159EDBB60040CAB6 /* PBXContainerItemProxy */ = {
			isa = PBXContainerItemProxy;
			containerPortal = CD6BD5BA159EDBB60040CAB6 /* Project object */;
			proxyType = 1;
			remoteGlobalIDString = CD6BD5C2159EDBB60040CAB6;
			remoteInfo = "EPOC Tester";
		};
		CD93481B15A4A4E100F90139 /* PBXContainerItemProxy */ = {
			isa = PBXContainerItemProxy;
			containerPortal = CD93481215A4A4E100F90139 /* CocoaLibSpotify Mac Framework.xcodeproj */;
			proxyType = 2;
			remoteGlobalIDString = 503D630F13258041007772CA;
			remoteInfo = CocoaLibSpotify;
		};
		CD93481D15A4A4E100F90139 /* PBXContainerItemProxy */ = {
			isa = PBXContainerItemProxy;
			containerPortal = CD93481215A4A4E100F90139 /* CocoaLibSpotify Mac Framework.xcodeproj */;
			proxyType = 2;
			remoteGlobalIDString = 504E4934155AA85400E1C0F7;
			remoteInfo = CocoaLSTests;
		};
		CD93483415A4A87A00F90139 /* PBXContainerItemProxy */ = {
			isa = PBXContainerItemProxy;
			containerPortal = CD93481215A4A4E100F90139 /* CocoaLibSpotify Mac Framework.xcodeproj */;
			proxyType = 1;
			remoteGlobalIDString = 503D630E13258041007772CA;
			remoteInfo = CocoaLibSpotify;
		};
		CD95D2AA15A34D9E0092EC7C /* PBXContainerItemProxy */ = {
			isa = PBXContainerItemProxy;
			containerPortal = CD95D2A115A34D9E0092EC7C /* CorePlot.xcodeproj */;
			proxyType = 2;
			remoteGlobalIDString = 8DC2EF5B0486A6940098B216;
			remoteInfo = CorePlot;
		};
		CD95D2AC15A34D9E0092EC7C /* PBXContainerItemProxy */ = {
			isa = PBXContainerItemProxy;
			containerPortal = CD95D2A115A34D9E0092EC7C /* CorePlot.xcodeproj */;
			proxyType = 2;
			remoteGlobalIDString = 0730F600109492D800E95162;
			remoteInfo = UnitTests;
		};
		CD95D2AE15A34E080092EC7C /* PBXContainerItemProxy */ = {
			isa = PBXContainerItemProxy;
			containerPortal = CD95D2A115A34D9E0092EC7C /* CorePlot.xcodeproj */;
			proxyType = 1;
			remoteGlobalIDString = 8DC2EF4F0486A6940098B216;
			remoteInfo = CorePlot;
		};
/* End PBXContainerItemProxy section */

/* Begin PBXFileReference section */
		CD1AAFBA15A24B9F0061D8FE /* CorePlot.framework */ = {isa = PBXFileReference; lastKnownFileType = wrapper.framework; name = CorePlot.framework; path = ../../Downloads/CorePlot_1.0/Binaries/MacOS/CorePlot.framework; sourceTree = "<group>"; };
		CD1AAFBD15A24DFC0061D8FE /* QuartzCore.framework */ = {isa = PBXFileReference; lastKnownFileType = wrapper.framework; name = QuartzCore.framework; path = System/Library/Frameworks/QuartzCore.framework; sourceTree = SDKROOT; };
		CD37204815A739C400B517B9 /* FacialRecognition.h */ = {isa = PBXFileReference; fileEncoding = 4; lastKnownFileType = sourcecode.c.h; path = FacialRecognition.h; sourceTree = "<group>"; };
		CD37204915A739C400B517B9 /* FacialRecognition.m */ = {isa = PBXFileReference; fileEncoding = 4; lastKnownFileType = sourcecode.c.objc; path = FacialRecognition.m; sourceTree = "<group>"; };
		CD37204E15A739F300B517B9 /* EyeRecognition.h */ = {isa = PBXFileReference; fileEncoding = 4; lastKnownFileType = sourcecode.c.h; path = EyeRecognition.h; sourceTree = "<group>"; };
		CD37204F15A739F300B517B9 /* EyeRecognition.m */ = {isa = PBXFileReference; fileEncoding = 4; lastKnownFileType = sourcecode.c.objc; path = EyeRecognition.m; sourceTree = "<group>"; };
		CD37205215A73D8C00B517B9 /* FaceComComm.h */ = {isa = PBXFileReference; fileEncoding = 4; lastKnownFileType = sourcecode.c.h; path = FaceComComm.h; sourceTree = "<group>"; };
		CD37205315A73D8C00B517B9 /* FaceComComm.m */ = {isa = PBXFileReference; fileEncoding = 4; lastKnownFileType = sourcecode.c.objc; path = FaceComComm.m; sourceTree = "<group>"; };
		CD37206315A7412100B517B9 /* QTKit.framework */ = {isa = PBXFileReference; lastKnownFileType = wrapper.framework; name = QTKit.framework; path = System/Library/Frameworks/QTKit.framework; sourceTree = SDKROOT; };
		CD37206515A7416200B517B9 /* VideoCapture.h */ = {isa = PBXFileReference; fileEncoding = 4; lastKnownFileType = sourcecode.c.h; path = VideoCapture.h; sourceTree = "<group>"; };
		CD37206615A7416200B517B9 /* VideoCapture.m */ = {isa = PBXFileReference; fileEncoding = 4; lastKnownFileType = sourcecode.c.objc; path = VideoCapture.m; sourceTree = "<group>"; };
		CD37206815A74A8000B517B9 /* CoreGraphics.framework */ = {isa = PBXFileReference; lastKnownFileType = wrapper.framework; name = CoreGraphics.framework; path = System/Library/Frameworks/CoreGraphics.framework; sourceTree = SDKROOT; };
		CD3720F015A7658500B517B9 /* Security.framework */ = {isa = PBXFileReference; lastKnownFileType = wrapper.framework; name = Security.framework; path = System/Library/Frameworks/Security.framework; sourceTree = SDKROOT; };
		CD3720F215A7658E00B517B9 /* SystemConfiguration.framework */ = {isa = PBXFileReference; lastKnownFileType = wrapper.framework; name = SystemConfiguration.framework; path = System/Library/Frameworks/SystemConfiguration.framework; sourceTree = SDKROOT; };
		CD3720F415A7659700B517B9 /* CFNetwork.framework */ = {isa = PBXFileReference; lastKnownFileType = wrapper.framework; name = CFNetwork.framework; path = System/Library/Frameworks/CFNetwork.framework; sourceTree = SDKROOT; };
		CD37211815A7680B00B517B9 /* ASICacheDelegate.h */ = {isa = PBXFileReference; fileEncoding = 4; lastKnownFileType = sourcecode.c.h; path = ASICacheDelegate.h; sourceTree = "<group>"; };
		CD37211915A7680B00B517B9 /* ASIDataCompressor.h */ = {isa = PBXFileReference; fileEncoding = 4; lastKnownFileType = sourcecode.c.h; path = ASIDataCompressor.h; sourceTree = "<group>"; };
		CD37211A15A7680B00B517B9 /* ASIDataCompressor.m */ = {isa = PBXFileReference; fileEncoding = 4; lastKnownFileType = sourcecode.c.objc; path = ASIDataCompressor.m; sourceTree = "<group>"; };
		CD37211B15A7680B00B517B9 /* ASIDataDecompressor.h */ = {isa = PBXFileReference; fileEncoding = 4; lastKnownFileType = sourcecode.c.h; path = ASIDataDecompressor.h; sourceTree = "<group>"; };
		CD37211C15A7680B00B517B9 /* ASIDataDecompressor.m */ = {isa = PBXFileReference; fileEncoding = 4; lastKnownFileType = sourcecode.c.objc; path = ASIDataDecompressor.m; sourceTree = "<group>"; };
		CD37211D15A7680B00B517B9 /* ASIDownloadCache.h */ = {isa = PBXFileReference; fileEncoding = 4; lastKnownFileType = sourcecode.c.h; path = ASIDownloadCache.h; sourceTree = "<group>"; };
		CD37211E15A7680B00B517B9 /* ASIDownloadCache.m */ = {isa = PBXFileReference; fileEncoding = 4; lastKnownFileType = sourcecode.c.objc; path = ASIDownloadCache.m; sourceTree = "<group>"; };
		CD37211F15A7680B00B517B9 /* ASIFormDataRequest.h */ = {isa = PBXFileReference; fileEncoding = 4; lastKnownFileType = sourcecode.c.h; path = ASIFormDataRequest.h; sourceTree = "<group>"; };
		CD37212015A7680B00B517B9 /* ASIFormDataRequest.m */ = {isa = PBXFileReference; fileEncoding = 4; lastKnownFileType = sourcecode.c.objc; path = ASIFormDataRequest.m; sourceTree = "<group>"; };
		CD37212115A7680B00B517B9 /* ASIHTTPRequest.h */ = {isa = PBXFileReference; fileEncoding = 4; lastKnownFileType = sourcecode.c.h; path = ASIHTTPRequest.h; sourceTree = "<group>"; };
		CD37212215A7680B00B517B9 /* ASIHTTPRequest.m */ = {isa = PBXFileReference; fileEncoding = 4; lastKnownFileType = sourcecode.c.objc; path = ASIHTTPRequest.m; sourceTree = "<group>"; };
		CD37212315A7680B00B517B9 /* ASIHTTPRequestConfig.h */ = {isa = PBXFileReference; fileEncoding = 4; lastKnownFileType = sourcecode.c.h; path = ASIHTTPRequestConfig.h; sourceTree = "<group>"; };
		CD37212415A7680B00B517B9 /* ASIHTTPRequestDelegate.h */ = {isa = PBXFileReference; fileEncoding = 4; lastKnownFileType = sourcecode.c.h; path = ASIHTTPRequestDelegate.h; sourceTree = "<group>"; };
		CD37212515A7680B00B517B9 /* ASIInputStream.h */ = {isa = PBXFileReference; fileEncoding = 4; lastKnownFileType = sourcecode.c.h; path = ASIInputStream.h; sourceTree = "<group>"; };
		CD37212615A7680B00B517B9 /* ASIInputStream.m */ = {isa = PBXFileReference; fileEncoding = 4; lastKnownFileType = sourcecode.c.objc; path = ASIInputStream.m; sourceTree = "<group>"; };
		CD37212715A7680B00B517B9 /* ASINetworkQueue.h */ = {isa = PBXFileReference; fileEncoding = 4; lastKnownFileType = sourcecode.c.h; path = ASINetworkQueue.h; sourceTree = "<group>"; };
		CD37212815A7680B00B517B9 /* ASINetworkQueue.m */ = {isa = PBXFileReference; fileEncoding = 4; lastKnownFileType = sourcecode.c.objc; path = ASINetworkQueue.m; sourceTree = "<group>"; };
		CD37212915A7680B00B517B9 /* ASIProgressDelegate.h */ = {isa = PBXFileReference; fileEncoding = 4; lastKnownFileType = sourcecode.c.h; path = ASIProgressDelegate.h; sourceTree = "<group>"; };
		CD37212B15A7680B00B517B9 /* ASIWebPageRequest.h */ = {isa = PBXFileReference; fileEncoding = 4; lastKnownFileType = sourcecode.c.h; path = ASIWebPageRequest.h; sourceTree = "<group>"; };
		CD37212C15A7680B00B517B9 /* ASIWebPageRequest.m */ = {isa = PBXFileReference; fileEncoding = 4; lastKnownFileType = sourcecode.c.objc; path = ASIWebPageRequest.m; sourceTree = "<group>"; };
		CD37212E15A7680B00B517B9 /* ASICloudFilesCDNRequest.h */ = {isa = PBXFileReference; fileEncoding = 4; lastKnownFileType = sourcecode.c.h; path = ASICloudFilesCDNRequest.h; sourceTree = "<group>"; };
		CD37212F15A7680B00B517B9 /* ASICloudFilesCDNRequest.m */ = {isa = PBXFileReference; fileEncoding = 4; lastKnownFileType = sourcecode.c.objc; path = ASICloudFilesCDNRequest.m; sourceTree = "<group>"; };
		CD37213015A7680B00B517B9 /* ASICloudFilesContainer.h */ = {isa = PBXFileReference; fileEncoding = 4; lastKnownFileType = sourcecode.c.h; path = ASICloudFilesContainer.h; sourceTree = "<group>"; };
		CD37213115A7680B00B517B9 /* ASICloudFilesContainer.m */ = {isa = PBXFileReference; fileEncoding = 4; lastKnownFileType = sourcecode.c.objc; path = ASICloudFilesContainer.m; sourceTree = "<group>"; };
		CD37213215A7680B00B517B9 /* ASICloudFilesContainerRequest.h */ = {isa = PBXFileReference; fileEncoding = 4; lastKnownFileType = sourcecode.c.h; path = ASICloudFilesContainerRequest.h; sourceTree = "<group>"; };
		CD37213315A7680B00B517B9 /* ASICloudFilesContainerRequest.m */ = {isa = PBXFileReference; fileEncoding = 4; lastKnownFileType = sourcecode.c.objc; path = ASICloudFilesContainerRequest.m; sourceTree = "<group>"; };
		CD37213415A7680B00B517B9 /* ASICloudFilesContainerXMLParserDelegate.h */ = {isa = PBXFileReference; fileEncoding = 4; lastKnownFileType = sourcecode.c.h; path = ASICloudFilesContainerXMLParserDelegate.h; sourceTree = "<group>"; };
		CD37213515A7680B00B517B9 /* ASICloudFilesContainerXMLParserDelegate.m */ = {isa = PBXFileReference; fileEncoding = 4; lastKnownFileType = sourcecode.c.objc; path = ASICloudFilesContainerXMLParserDelegate.m; sourceTree = "<group>"; };
		CD37213615A7680B00B517B9 /* ASICloudFilesObject.h */ = {isa = PBXFileReference; fileEncoding = 4; lastKnownFileType = sourcecode.c.h; path = ASICloudFilesObject.h; sourceTree = "<group>"; };
		CD37213715A7680B00B517B9 /* ASICloudFilesObject.m */ = {isa = PBXFileReference; fileEncoding = 4; lastKnownFileType = sourcecode.c.objc; path = ASICloudFilesObject.m; sourceTree = "<group>"; };
		CD37213815A7680B00B517B9 /* ASICloudFilesObjectRequest.h */ = {isa = PBXFileReference; fileEncoding = 4; lastKnownFileType = sourcecode.c.h; path = ASICloudFilesObjectRequest.h; sourceTree = "<group>"; };
		CD37213915A7680B00B517B9 /* ASICloudFilesObjectRequest.m */ = {isa = PBXFileReference; fileEncoding = 4; lastKnownFileType = sourcecode.c.objc; path = ASICloudFilesObjectRequest.m; sourceTree = "<group>"; };
		CD37213A15A7680B00B517B9 /* ASICloudFilesRequest.h */ = {isa = PBXFileReference; fileEncoding = 4; lastKnownFileType = sourcecode.c.h; path = ASICloudFilesRequest.h; sourceTree = "<group>"; };
		CD37213B15A7680B00B517B9 /* ASICloudFilesRequest.m */ = {isa = PBXFileReference; fileEncoding = 4; lastKnownFileType = sourcecode.c.objc; path = ASICloudFilesRequest.m; sourceTree = "<group>"; };
		CD37213D15A7680B00B517B9 /* ASINSXMLParserCompat.h */ = {isa = PBXFileReference; fileEncoding = 4; lastKnownFileType = sourcecode.c.h; path = ASINSXMLParserCompat.h; sourceTree = "<group>"; };
		CD37213E15A7680B00B517B9 /* ASIS3Bucket.h */ = {isa = PBXFileReference; fileEncoding = 4; lastKnownFileType = sourcecode.c.h; path = ASIS3Bucket.h; sourceTree = "<group>"; };
		CD37213F15A7680B00B517B9 /* ASIS3Bucket.m */ = {isa = PBXFileReference; fileEncoding = 4; lastKnownFileType = sourcecode.c.objc; path = ASIS3Bucket.m; sourceTree = "<group>"; };
		CD37214015A7680B00B517B9 /* ASIS3BucketObject.h */ = {isa = PBXFileReference; fileEncoding = 4; lastKnownFileType = sourcecode.c.h; path = ASIS3BucketObject.h; sourceTree = "<group>"; };
		CD37214115A7680B00B517B9 /* ASIS3BucketObject.m */ = {isa = PBXFileReference; fileEncoding = 4; lastKnownFileType = sourcecode.c.objc; path = ASIS3BucketObject.m; sourceTree = "<group>"; };
		CD37214215A7680B00B517B9 /* ASIS3BucketRequest.h */ = {isa = PBXFileReference; fileEncoding = 4; lastKnownFileType = sourcecode.c.h; path = ASIS3BucketRequest.h; sourceTree = "<group>"; };
		CD37214315A7680B00B517B9 /* ASIS3BucketRequest.m */ = {isa = PBXFileReference; fileEncoding = 4; lastKnownFileType = sourcecode.c.objc; path = ASIS3BucketRequest.m; sourceTree = "<group>"; };
		CD37214415A7680B00B517B9 /* ASIS3ObjectRequest.h */ = {isa = PBXFileReference; fileEncoding = 4; lastKnownFileType = sourcecode.c.h; path = ASIS3ObjectRequest.h; sourceTree = "<group>"; };
		CD37214515A7680B00B517B9 /* ASIS3ObjectRequest.m */ = {isa = PBXFileReference; fileEncoding = 4; lastKnownFileType = sourcecode.c.objc; path = ASIS3ObjectRequest.m; sourceTree = "<group>"; };
		CD37214615A7680B00B517B9 /* ASIS3Request.h */ = {isa = PBXFileReference; fileEncoding = 4; lastKnownFileType = sourcecode.c.h; path = ASIS3Request.h; sourceTree = "<group>"; };
		CD37214715A7680B00B517B9 /* ASIS3Request.m */ = {isa = PBXFileReference; fileEncoding = 4; lastKnownFileType = sourcecode.c.objc; path = ASIS3Request.m; sourceTree = "<group>"; };
		CD37214815A7680B00B517B9 /* ASIS3ServiceRequest.h */ = {isa = PBXFileReference; fileEncoding = 4; lastKnownFileType = sourcecode.c.h; path = ASIS3ServiceRequest.h; sourceTree = "<group>"; };
		CD37214915A7680B00B517B9 /* ASIS3ServiceRequest.m */ = {isa = PBXFileReference; fileEncoding = 4; lastKnownFileType = sourcecode.c.objc; path = ASIS3ServiceRequest.m; sourceTree = "<group>"; };
		CD37218D15A7689D00B517B9 /* libz.dylib */ = {isa = PBXFileReference; lastKnownFileType = "compiled.mach-o.dylib"; name = libz.dylib; path = usr/lib/libz.dylib; sourceTree = SDKROOT; };
		CD37218F15A769DF00B517B9 /* libxml2.dylib */ = {isa = PBXFileReference; lastKnownFileType = "compiled.mach-o.dylib"; name = libxml2.dylib; path = usr/lib/libxml2.dylib; sourceTree = SDKROOT; };
		CD4CCB9E15A5EFD100CDAC7C /* Handler.h */ = {isa = PBXFileReference; fileEncoding = 4; lastKnownFileType = sourcecode.c.h; path = Handler.h; sourceTree = "<group>"; };
		CD4CCB9F15A5EFD100CDAC7C /* Handler.m */ = {isa = PBXFileReference; fileEncoding = 4; lastKnownFileType = sourcecode.c.objc; path = Handler.m; sourceTree = "<group>"; };
		CD50D25015A2379F00E48536 /* PercentDisplay.h */ = {isa = PBXFileReference; fileEncoding = 4; lastKnownFileType = sourcecode.c.h; path = PercentDisplay.h; sourceTree = "<group>"; };
		CD50D25115A2379F00E48536 /* PercentDisplay.m */ = {isa = PBXFileReference; fileEncoding = 4; lastKnownFileType = sourcecode.c.objc; path = PercentDisplay.m; sourceTree = "<group>"; };
		CD50D25415A2397B00E48536 /* GraphDisplay.h */ = {isa = PBXFileReference; fileEncoding = 4; lastKnownFileType = sourcecode.c.h; path = GraphDisplay.h; sourceTree = "<group>"; };
		CD50D25515A2397B00E48536 /* GraphDisplay.m */ = {isa = PBXFileReference; fileEncoding = 4; lastKnownFileType = sourcecode.c.objc; path = GraphDisplay.m; sourceTree = "<group>"; };
		CD50D25715A2420B00E48536 /* PercentDisplay.xib */ = {isa = PBXFileReference; fileEncoding = 4; lastKnownFileType = file.xib; path = PercentDisplay.xib; sourceTree = "<group>"; };
		CD6BD5C3159EDBB60040CAB6 /* EPOC Tester.app */ = {isa = PBXFileReference; explicitFileType = wrapper.application; includeInIndex = 0; path = "EPOC Tester.app"; sourceTree = BUILT_PRODUCTS_DIR; };
		CD6BD5C7159EDBB60040CAB6 /* Cocoa.framework */ = {isa = PBXFileReference; lastKnownFileType = wrapper.framework; name = Cocoa.framework; path = System/Library/Frameworks/Cocoa.framework; sourceTree = SDKROOT; };
		CD6BD5CA159EDBB60040CAB6 /* AppKit.framework */ = {isa = PBXFileReference; lastKnownFileType = wrapper.framework; name = AppKit.framework; path = System/Library/Frameworks/AppKit.framework; sourceTree = SDKROOT; };
		CD6BD5CB159EDBB60040CAB6 /* CoreData.framework */ = {isa = PBXFileReference; lastKnownFileType = wrapper.framework; name = CoreData.framework; path = System/Library/Frameworks/CoreData.framework; sourceTree = SDKROOT; };
		CD6BD5CC159EDBB60040CAB6 /* Foundation.framework */ = {isa = PBXFileReference; lastKnownFileType = wrapper.framework; name = Foundation.framework; path = System/Library/Frameworks/Foundation.framework; sourceTree = SDKROOT; };
		CD6BD5CF159EDBB60040CAB6 /* EPOC Tester-Info.plist */ = {isa = PBXFileReference; lastKnownFileType = text.plist.xml; path = "EPOC Tester-Info.plist"; sourceTree = "<group>"; };
		CD6BD5D1159EDBB60040CAB6 /* en */ = {isa = PBXFileReference; lastKnownFileType = text.plist.strings; name = en; path = en.lproj/InfoPlist.strings; sourceTree = "<group>"; };
		CD6BD5D3159EDBB60040CAB6 /* main.m */ = {isa = PBXFileReference; lastKnownFileType = sourcecode.c.objc; path = main.m; sourceTree = "<group>"; };
		CD6BD5D5159EDBB60040CAB6 /* EPOC Tester-Prefix.pch */ = {isa = PBXFileReference; lastKnownFileType = sourcecode.c.h; path = "EPOC Tester-Prefix.pch"; sourceTree = "<group>"; };
		CD6BD5D7159EDBB60040CAB6 /* en */ = {isa = PBXFileReference; lastKnownFileType = text.rtf; name = en; path = en.lproj/Credits.rtf; sourceTree = "<group>"; };
		CD6BD5D9159EDBB60040CAB6 /* AppDelegate.h */ = {isa = PBXFileReference; lastKnownFileType = sourcecode.c.h; path = AppDelegate.h; sourceTree = "<group>"; };
		CD6BD5DA159EDBB60040CAB6 /* AppDelegate.m */ = {isa = PBXFileReference; lastKnownFileType = sourcecode.c.objc; path = AppDelegate.m; sourceTree = "<group>"; };
		CD6BD5DD159EDBB60040CAB6 /* en */ = {isa = PBXFileReference; lastKnownFileType = file.xib; name = en; path = en.lproj/MainMenu.xib; sourceTree = "<group>"; };
		CD6BD5E4159EDBB60040CAB6 /* EPOC TesterTests.octest */ = {isa = PBXFileReference; explicitFileType = wrapper.cfbundle; includeInIndex = 0; path = "EPOC TesterTests.octest"; sourceTree = BUILT_PRODUCTS_DIR; };
		CD6BD5E5159EDBB60040CAB6 /* SenTestingKit.framework */ = {isa = PBXFileReference; lastKnownFileType = wrapper.framework; name = SenTestingKit.framework; path = Library/Frameworks/SenTestingKit.framework; sourceTree = DEVELOPER_DIR; };
		CD6BD5EC159EDBB60040CAB6 /* EPOC TesterTests-Info.plist */ = {isa = PBXFileReference; lastKnownFileType = text.plist.xml; path = "EPOC TesterTests-Info.plist"; sourceTree = "<group>"; };
		CD6BD5EE159EDBB60040CAB6 /* en */ = {isa = PBXFileReference; lastKnownFileType = text.plist.strings; name = en; path = en.lproj/InfoPlist.strings; sourceTree = "<group>"; };
		CD6BD5F0159EDBB60040CAB6 /* EPOC_TesterTests.h */ = {isa = PBXFileReference; lastKnownFileType = sourcecode.c.h; path = EPOC_TesterTests.h; sourceTree = "<group>"; };
		CD6BD5F1159EDBB60040CAB6 /* EPOC_TesterTests.m */ = {isa = PBXFileReference; lastKnownFileType = sourcecode.c.objc; path = EPOC_TesterTests.m; sourceTree = "<group>"; };
		CD93481215A4A4E100F90139 /* CocoaLibSpotify Mac Framework.xcodeproj */ = {isa = PBXFileReference; lastKnownFileType = "wrapper.pb-project"; name = "CocoaLibSpotify Mac Framework.xcodeproj"; path = "../../../Downloads/spotify-cocoalibspotify-3be59f4/Mac Framework/CocoaLibSpotify Mac Framework.xcodeproj"; sourceTree = "<group>"; };
		CD93482215A4A5B300F90139 /* SpotifyHandler.h */ = {isa = PBXFileReference; fileEncoding = 4; lastKnownFileType = sourcecode.c.h; path = SpotifyHandler.h; sourceTree = "<group>"; };
		CD93482315A4A5B300F90139 /* SpotifyHandler.m */ = {isa = PBXFileReference; fileEncoding = 4; lastKnownFileType = sourcecode.c.objc; path = SpotifyHandler.m; sourceTree = "<group>"; };
		CD93483715A4A91E00F90139 /* libspotify.framework */ = {isa = PBXFileReference; lastKnownFileType = wrapper.framework; name = libspotify.framework; path = "../../Downloads/spotify-cocoalibspotify-3be59f4/Mac Framework/libspotify-12.1.45-Darwin-universal/libspotify.framework"; sourceTree = "<group>"; };
		CD95D2A115A34D9E0092EC7C /* CorePlot.xcodeproj */ = {isa = PBXFileReference; lastKnownFileType = "wrapper.pb-project"; name = CorePlot.xcodeproj; path = ../../../Downloads/CorePlot_1.0/Source/framework/CorePlot.xcodeproj; sourceTree = "<group>"; };
		CD95D2C115A37C630092EC7C /* SystemMonitor.h */ = {isa = PBXFileReference; fileEncoding = 4; lastKnownFileType = sourcecode.c.h; path = SystemMonitor.h; sourceTree = "<group>"; };
		CD95D2C215A37C630092EC7C /* SystemMonitor.m */ = {isa = PBXFileReference; fileEncoding = 4; lastKnownFileType = sourcecode.c.objc; path = SystemMonitor.m; sourceTree = "<group>"; };
		CDD2F9A315A697CE001D3DD6 /* DicHandler.h */ = {isa = PBXFileReference; fileEncoding = 4; lastKnownFileType = sourcecode.c.h; path = DicHandler.h; sourceTree = "<group>"; };
		CDD2F9A415A697CE001D3DD6 /* DicHandler.m */ = {isa = PBXFileReference; fileEncoding = 4; lastKnownFileType = sourcecode.c.objc; path = DicHandler.m; sourceTree = "<group>"; };
/* End PBXFileReference section */

/* Begin PBXFrameworksBuildPhase section */
		CD6BD5C0159EDBB60040CAB6 /* Frameworks */ = {
			isa = PBXFrameworksBuildPhase;
			buildActionMask = 2147483647;
			files = (
				CD37219015A769DF00B517B9 /* libxml2.dylib in Frameworks */,
				CD37218E15A7689D00B517B9 /* libz.dylib in Frameworks */,
				CD3720F515A7659700B517B9 /* CFNetwork.framework in Frameworks */,
				CD3720F315A7658E00B517B9 /* SystemConfiguration.framework in Frameworks */,
				CD3720F115A7658500B517B9 /* Security.framework in Frameworks */,
				CD37206915A74A8000B517B9 /* CoreGraphics.framework in Frameworks */,
				CD37206415A7412100B517B9 /* QTKit.framework in Frameworks */,
				CD93483615A4A8DC00F90139 /* CocoaLibSpotify.framework in Frameworks */,
				CD95D2A015A34D0C0092EC7C /* CorePlot.framework in Frameworks */,
				CD1AAFBE15A24DFC0061D8FE /* QuartzCore.framework in Frameworks */,
				CD6BD5C8159EDBB60040CAB6 /* Cocoa.framework in Frameworks */,
			);
			runOnlyForDeploymentPostprocessing = 0;
		};
		CD6BD5E0159EDBB60040CAB6 /* Frameworks */ = {
			isa = PBXFrameworksBuildPhase;
			buildActionMask = 2147483647;
			files = (
				CD6BD5E6159EDBB60040CAB6 /* SenTestingKit.framework in Frameworks */,
				CD6BD5E7159EDBB60040CAB6 /* Cocoa.framework in Frameworks */,
			);
			runOnlyForDeploymentPostprocessing = 0;
		};
/* End PBXFrameworksBuildPhase section */

/* Begin PBXGroup section */
		CD37205115A73A0A00B517B9 /* FacialRecognition */ = {
			isa = PBXGroup;
			children = (
				CD37204815A739C400B517B9 /* FacialRecognition.h */,
				CD37204915A739C400B517B9 /* FacialRecognition.m */,
				CD37206515A7416200B517B9 /* VideoCapture.h */,
				CD37206615A7416200B517B9 /* VideoCapture.m */,
				CD37205215A73D8C00B517B9 /* FaceComComm.h */,
				CD37205315A73D8C00B517B9 /* FaceComComm.m */,
				CD37204E15A739F300B517B9 /* EyeRecognition.h */,
				CD37204F15A739F300B517B9 /* EyeRecognition.m */,
			);
			name = FacialRecognition;
			sourceTree = "<group>";
		};
		CD37211515A7680B00B517B9 /* Classes */ = {
			isa = PBXGroup;
			children = (
				CD37211815A7680B00B517B9 /* ASICacheDelegate.h */,
				CD37211915A7680B00B517B9 /* ASIDataCompressor.h */,
				CD37211A15A7680B00B517B9 /* ASIDataCompressor.m */,
				CD37211B15A7680B00B517B9 /* ASIDataDecompressor.h */,
				CD37211C15A7680B00B517B9 /* ASIDataDecompressor.m */,
				CD37211D15A7680B00B517B9 /* ASIDownloadCache.h */,
				CD37211E15A7680B00B517B9 /* ASIDownloadCache.m */,
				CD37211F15A7680B00B517B9 /* ASIFormDataRequest.h */,
				CD37212015A7680B00B517B9 /* ASIFormDataRequest.m */,
				CD37212115A7680B00B517B9 /* ASIHTTPRequest.h */,
				CD37212215A7680B00B517B9 /* ASIHTTPRequest.m */,
				CD37212315A7680B00B517B9 /* ASIHTTPRequestConfig.h */,
				CD37212415A7680B00B517B9 /* ASIHTTPRequestDelegate.h */,
				CD37212515A7680B00B517B9 /* ASIInputStream.h */,
				CD37212615A7680B00B517B9 /* ASIInputStream.m */,
				CD37212715A7680B00B517B9 /* ASINetworkQueue.h */,
				CD37212815A7680B00B517B9 /* ASINetworkQueue.m */,
				CD37212915A7680B00B517B9 /* ASIProgressDelegate.h */,
				CD37212A15A7680B00B517B9 /* ASIWebPageRequest */,
				CD37212D15A7680B00B517B9 /* CloudFiles */,
				CD37213C15A7680B00B517B9 /* S3 */,
			);
			path = Classes;
			sourceTree = "<group>";
		};
		CD37212A15A7680B00B517B9 /* ASIWebPageRequest */ = {
			isa = PBXGroup;
			children = (
				CD37212B15A7680B00B517B9 /* ASIWebPageRequest.h */,
				CD37212C15A7680B00B517B9 /* ASIWebPageRequest.m */,
			);
			path = ASIWebPageRequest;
			sourceTree = "<group>";
		};
		CD37212D15A7680B00B517B9 /* CloudFiles */ = {
			isa = PBXGroup;
			children = (
				CD37212E15A7680B00B517B9 /* ASICloudFilesCDNRequest.h */,
				CD37212F15A7680B00B517B9 /* ASICloudFilesCDNRequest.m */,
				CD37213015A7680B00B517B9 /* ASICloudFilesContainer.h */,
				CD37213115A7680B00B517B9 /* ASICloudFilesContainer.m */,
				CD37213215A7680B00B517B9 /* ASICloudFilesContainerRequest.h */,
				CD37213315A7680B00B517B9 /* ASICloudFilesContainerRequest.m */,
				CD37213415A7680B00B517B9 /* ASICloudFilesContainerXMLParserDelegate.h */,
				CD37213515A7680B00B517B9 /* ASICloudFilesContainerXMLParserDelegate.m */,
				CD37213615A7680B00B517B9 /* ASICloudFilesObject.h */,
				CD37213715A7680B00B517B9 /* ASICloudFilesObject.m */,
				CD37213815A7680B00B517B9 /* ASICloudFilesObjectRequest.h */,
				CD37213915A7680B00B517B9 /* ASICloudFilesObjectRequest.m */,
				CD37213A15A7680B00B517B9 /* ASICloudFilesRequest.h */,
				CD37213B15A7680B00B517B9 /* ASICloudFilesRequest.m */,
			);
			path = CloudFiles;
			sourceTree = "<group>";
		};
		CD37213C15A7680B00B517B9 /* S3 */ = {
			isa = PBXGroup;
			children = (
				CD37213D15A7680B00B517B9 /* ASINSXMLParserCompat.h */,
				CD37213E15A7680B00B517B9 /* ASIS3Bucket.h */,
				CD37213F15A7680B00B517B9 /* ASIS3Bucket.m */,
				CD37214015A7680B00B517B9 /* ASIS3BucketObject.h */,
				CD37214115A7680B00B517B9 /* ASIS3BucketObject.m */,
				CD37214215A7680B00B517B9 /* ASIS3BucketRequest.h */,
				CD37214315A7680B00B517B9 /* ASIS3BucketRequest.m */,
				CD37214415A7680B00B517B9 /* ASIS3ObjectRequest.h */,
				CD37214515A7680B00B517B9 /* ASIS3ObjectRequest.m */,
				CD37214615A7680B00B517B9 /* ASIS3Request.h */,
				CD37214715A7680B00B517B9 /* ASIS3Request.m */,
				CD37214815A7680B00B517B9 /* ASIS3ServiceRequest.h */,
				CD37214915A7680B00B517B9 /* ASIS3ServiceRequest.m */,
			);
			path = S3;
			sourceTree = "<group>";
		};
		CD4CCBB815A635A000CDAC7C /* XIBS */ = {
			isa = PBXGroup;
			children = (
				CD6BD5DC159EDBB60040CAB6 /* MainMenu.xib */,
				CD50D25715A2420B00E48536 /* PercentDisplay.xib */,
			);
			name = XIBS;
			sourceTree = "<group>";
		};
		CD6BD5B8159EDBB60040CAB6 = {
			isa = PBXGroup;
			children = (
				CD93483715A4A91E00F90139 /* libspotify.framework */,
				CD6BD5CD159EDBB60040CAB6 /* EPOC Tester */,
				CD6BD5EA159EDBB60040CAB6 /* EPOC TesterTests */,
				CD6BD5C6159EDBB60040CAB6 /* Frameworks */,
				CD6BD5C4159EDBB60040CAB6 /* Products */,
			);
			sourceTree = "<group>";
		};
		CD6BD5C4159EDBB60040CAB6 /* Products */ = {
			isa = PBXGroup;
			children = (
				CD6BD5C3159EDBB60040CAB6 /* EPOC Tester.app */,
				CD6BD5E4159EDBB60040CAB6 /* EPOC TesterTests.octest */,
			);
			name = Products;
			sourceTree = "<group>";
		};
		CD6BD5C6159EDBB60040CAB6 /* Frameworks */ = {
			isa = PBXGroup;
			children = (
				CD37218F15A769DF00B517B9 /* libxml2.dylib */,
				CD37218D15A7689D00B517B9 /* libz.dylib */,
				CD3720F415A7659700B517B9 /* CFNetwork.framework */,
				CD3720F215A7658E00B517B9 /* SystemConfiguration.framework */,
				CD3720F015A7658500B517B9 /* Security.framework */,
				CD37206815A74A8000B517B9 /* CoreGraphics.framework */,
				CD37206315A7412100B517B9 /* QTKit.framework */,
				CD1AAFBD15A24DFC0061D8FE /* QuartzCore.framework */,
				CD1AAFBA15A24B9F0061D8FE /* CorePlot.framework */,
				CD6BD5C7159EDBB60040CAB6 /* Cocoa.framework */,
				CD6BD5E5159EDBB60040CAB6 /* SenTestingKit.framework */,
				CD6BD5C9159EDBB60040CAB6 /* Other Frameworks */,
			);
			name = Frameworks;
			sourceTree = "<group>";
		};
		CD6BD5C9159EDBB60040CAB6 /* Other Frameworks */ = {
			isa = PBXGroup;
			children = (
				CD6BD5CA159EDBB60040CAB6 /* AppKit.framework */,
				CD6BD5CB159EDBB60040CAB6 /* CoreData.framework */,
				CD6BD5CC159EDBB60040CAB6 /* Foundation.framework */,
			);
			name = "Other Frameworks";
			sourceTree = "<group>";
		};
		CD6BD5CD159EDBB60040CAB6 /* EPOC Tester */ = {
			isa = PBXGroup;
			children = (
				CD93481215A4A4E100F90139 /* CocoaLibSpotify Mac Framework.xcodeproj */,
				CD95D2A115A34D9E0092EC7C /* CorePlot.xcodeproj */,
				CD6BD5D9159EDBB60040CAB6 /* AppDelegate.h */,
				CD6BD5DA159EDBB60040CAB6 /* AppDelegate.m */,
				CD50D25415A2397B00E48536 /* GraphDisplay.h */,
				CD50D25515A2397B00E48536 /* GraphDisplay.m */,
				CD95D2C115A37C630092EC7C /* SystemMonitor.h */,
				CD95D2C215A37C630092EC7C /* SystemMonitor.m */,
				CD37211515A7680B00B517B9 /* Classes */,
				CDD2F9A315A697CE001D3DD6 /* DicHandler.h */,
				CDD2F9A415A697CE001D3DD6 /* DicHandler.m */,
				CD37205115A73A0A00B517B9 /* FacialRecognition */,
				CD93482215A4A5B300F90139 /* SpotifyHandler.h */,
				CD93482315A4A5B300F90139 /* SpotifyHandler.m */,
				CD4CCB9E15A5EFD100CDAC7C /* Handler.h */,
				CD4CCB9F15A5EFD100CDAC7C /* Handler.m */,
				CD50D25015A2379F00E48536 /* PercentDisplay.h */,
				CD50D25115A2379F00E48536 /* PercentDisplay.m */,
				CD4CCBB815A635A000CDAC7C /* XIBS */,
				CD6BD5CE159EDBB60040CAB6 /* Supporting Files */,
			);
			path = "EPOC Tester";
			sourceTree = "<group>";
		};
		CD6BD5CE159EDBB60040CAB6 /* Supporting Files */ = {
			isa = PBXGroup;
			children = (
				CD6BD5CF159EDBB60040CAB6 /* EPOC Tester-Info.plist */,
				CD6BD5D0159EDBB60040CAB6 /* InfoPlist.strings */,
				CD6BD5D3159EDBB60040CAB6 /* main.m */,
				CD6BD5D5159EDBB60040CAB6 /* EPOC Tester-Prefix.pch */,
				CD6BD5D6159EDBB60040CAB6 /* Credits.rtf */,
			);
			name = "Supporting Files";
			sourceTree = "<group>";
		};
		CD6BD5EA159EDBB60040CAB6 /* EPOC TesterTests */ = {
			isa = PBXGroup;
			children = (
				CD6BD5F0159EDBB60040CAB6 /* EPOC_TesterTests.h */,
				CD6BD5F1159EDBB60040CAB6 /* EPOC_TesterTests.m */,
				CD6BD5EB159EDBB60040CAB6 /* Supporting Files */,
			);
			path = "EPOC TesterTests";
			sourceTree = "<group>";
		};
		CD6BD5EB159EDBB60040CAB6 /* Supporting Files */ = {
			isa = PBXGroup;
			children = (
				CD6BD5EC159EDBB60040CAB6 /* EPOC TesterTests-Info.plist */,
				CD6BD5ED159EDBB60040CAB6 /* InfoPlist.strings */,
			);
			name = "Supporting Files";
			sourceTree = "<group>";
		};
		CD93481315A4A4E100F90139 /* Products */ = {
			isa = PBXGroup;
			children = (
				CD93481C15A4A4E100F90139 /* CocoaLibSpotify.framework */,
				CD93481E15A4A4E100F90139 /* CocoaLibSpotify Test Container.app */,
			);
			name = Products;
			sourceTree = "<group>";
		};
		CD95D2A215A34D9E0092EC7C /* Products */ = {
			isa = PBXGroup;
			children = (
				CD95D2AB15A34D9E0092EC7C /* CorePlot.framework */,
				CD95D2AD15A34D9E0092EC7C /* UnitTests.octest */,
			);
			name = Products;
			sourceTree = "<group>";
		};
/* End PBXGroup section */

/* Begin PBXNativeTarget section */
		CD6BD5C2159EDBB60040CAB6 /* EPOC Tester */ = {
			isa = PBXNativeTarget;
			buildConfigurationList = CD6BD5F5159EDBB60040CAB6 /* Build configuration list for PBXNativeTarget "EPOC Tester" */;
			buildPhases = (
				CD6BD5BF159EDBB60040CAB6 /* Sources */,
				CD6BD5C0159EDBB60040CAB6 /* Frameworks */,
				CD6BD5C1159EDBB60040CAB6 /* Resources */,
			);
			buildRules = (
			);
			dependencies = (
				CD93483515A4A87A00F90139 /* PBXTargetDependency */,
				CD95D2AF15A34E080092EC7C /* PBXTargetDependency */,
			);
			name = "EPOC Tester";
			productName = "EPOC Tester";
			productReference = CD6BD5C3159EDBB60040CAB6 /* EPOC Tester.app */;
			productType = "com.apple.product-type.application";
		};
		CD6BD5E3159EDBB60040CAB6 /* EPOC TesterTests */ = {
			isa = PBXNativeTarget;
			buildConfigurationList = CD6BD5F8159EDBB60040CAB6 /* Build configuration list for PBXNativeTarget "EPOC TesterTests" */;
			buildPhases = (
				CD6BD5DF159EDBB60040CAB6 /* Sources */,
				CD6BD5E0159EDBB60040CAB6 /* Frameworks */,
				CD6BD5E1159EDBB60040CAB6 /* Resources */,
				CD6BD5E2159EDBB60040CAB6 /* ShellScript */,
			);
			buildRules = (
			);
			dependencies = (
				CD6BD5E9159EDBB60040CAB6 /* PBXTargetDependency */,
			);
			name = "EPOC TesterTests";
			productName = "EPOC TesterTests";
			productReference = CD6BD5E4159EDBB60040CAB6 /* EPOC TesterTests.octest */;
			productType = "com.apple.product-type.bundle";
		};
/* End PBXNativeTarget section */

/* Begin PBXProject section */
		CD6BD5BA159EDBB60040CAB6 /* Project object */ = {
			isa = PBXProject;
			attributes = {
				LastUpgradeCheck = 0450;
				ORGANIZATIONNAME = "Matthew Daiter";
			};
			buildConfigurationList = CD6BD5BD159EDBB60040CAB6 /* Build configuration list for PBXProject "EPOC Tester" */;
			compatibilityVersion = "Xcode 3.2";
			developmentRegion = English;
			hasScannedForEncodings = 0;
			knownRegions = (
				en,
			);
			mainGroup = CD6BD5B8159EDBB60040CAB6;
			productRefGroup = CD6BD5C4159EDBB60040CAB6 /* Products */;
			projectDirPath = "";
			projectReferences = (
				{
					ProductGroup = CD93481315A4A4E100F90139 /* Products */;
					ProjectRef = CD93481215A4A4E100F90139 /* CocoaLibSpotify Mac Framework.xcodeproj */;
				},
				{
					ProductGroup = CD95D2A215A34D9E0092EC7C /* Products */;
					ProjectRef = CD95D2A115A34D9E0092EC7C /* CorePlot.xcodeproj */;
				},
			);
			projectRoot = "";
			targets = (
				CD6BD5C2159EDBB60040CAB6 /* EPOC Tester */,
				CD6BD5E3159EDBB60040CAB6 /* EPOC TesterTests */,
			);
		};
/* End PBXProject section */

/* Begin PBXReferenceProxy section */
		CD93481C15A4A4E100F90139 /* CocoaLibSpotify.framework */ = {
			isa = PBXReferenceProxy;
			fileType = wrapper.framework;
			path = CocoaLibSpotify.framework;
			remoteRef = CD93481B15A4A4E100F90139 /* PBXContainerItemProxy */;
			sourceTree = BUILT_PRODUCTS_DIR;
		};
		CD93481E15A4A4E100F90139 /* CocoaLibSpotify Test Container.app */ = {
			isa = PBXReferenceProxy;
			fileType = wrapper.application;
			name = "CocoaLibSpotify Test Container.app";
			path = CocoaLSTests.app;
			remoteRef = CD93481D15A4A4E100F90139 /* PBXContainerItemProxy */;
			sourceTree = BUILT_PRODUCTS_DIR;
		};
		CD95D2AB15A34D9E0092EC7C /* CorePlot.framework */ = {
			isa = PBXReferenceProxy;
			fileType = wrapper.framework;
			path = CorePlot.framework;
			remoteRef = CD95D2AA15A34D9E0092EC7C /* PBXContainerItemProxy */;
			sourceTree = BUILT_PRODUCTS_DIR;
		};
		CD95D2AD15A34D9E0092EC7C /* UnitTests.octest */ = {
			isa = PBXReferenceProxy;
			fileType = wrapper.cfbundle;
			path = UnitTests.octest;
			remoteRef = CD95D2AC15A34D9E0092EC7C /* PBXContainerItemProxy */;
			sourceTree = BUILT_PRODUCTS_DIR;
		};
/* End PBXReferenceProxy section */

/* Begin PBXResourcesBuildPhase section */
		CD6BD5C1159EDBB60040CAB6 /* Resources */ = {
			isa = PBXResourcesBuildPhase;
			buildActionMask = 2147483647;
			files = (
				CD6BD5D2159EDBB60040CAB6 /* InfoPlist.strings in Resources */,
				CD6BD5D8159EDBB60040CAB6 /* Credits.rtf in Resources */,
				CD6BD5DE159EDBB60040CAB6 /* MainMenu.xib in Resources */,
				CD50D25815A2420B00E48536 /* PercentDisplay.xib in Resources */,
			);
			runOnlyForDeploymentPostprocessing = 0;
		};
		CD6BD5E1159EDBB60040CAB6 /* Resources */ = {
			isa = PBXResourcesBuildPhase;
			buildActionMask = 2147483647;
			files = (
				CD6BD5EF159EDBB60040CAB6 /* InfoPlist.strings in Resources */,
			);
			runOnlyForDeploymentPostprocessing = 0;
		};
/* End PBXResourcesBuildPhase section */

/* Begin PBXShellScriptBuildPhase section */
		CD6BD5E2159EDBB60040CAB6 /* ShellScript */ = {
			isa = PBXShellScriptBuildPhase;
			buildActionMask = 2147483647;
			files = (
			);
			inputPaths = (
			);
			outputPaths = (
			);
			runOnlyForDeploymentPostprocessing = 0;
			shellPath = /bin/sh;
			shellScript = "# Run the unit tests in this test bundle.\n\"${SYSTEM_DEVELOPER_DIR}/Tools/RunUnitTests\"\n";
		};
/* End PBXShellScriptBuildPhase section */

/* Begin PBXSourcesBuildPhase section */
		CD6BD5BF159EDBB60040CAB6 /* Sources */ = {
			isa = PBXSourcesBuildPhase;
			buildActionMask = 2147483647;
			files = (
				CD6BD5D4159EDBB60040CAB6 /* main.m in Sources */,
				CD6BD5DB159EDBB60040CAB6 /* AppDelegate.m in Sources */,
				CD50D25215A2379F00E48536 /* PercentDisplay.m in Sources */,
				CD50D25615A2397B00E48536 /* GraphDisplay.m in Sources */,
				CD95D2C315A37C640092EC7C /* SystemMonitor.m in Sources */,
				CD93482415A4A5B300F90139 /* SpotifyHandler.m in Sources */,
				CD4CCBA015A5EFD100CDAC7C /* Handler.m in Sources */,
				CDD2F9A515A697CE001D3DD6 /* DicHandler.m in Sources */,
				CD37204A15A739C400B517B9 /* FacialRecognition.m in Sources */,
				CD37205015A739F300B517B9 /* EyeRecognition.m in Sources */,
				CD37205415A73D8C00B517B9 /* FaceComComm.m in Sources */,
				CD37206715A7416200B517B9 /* VideoCapture.m in Sources */,
				CD37216915A7680B00B517B9 /* ASIDataCompressor.m in Sources */,
				CD37216A15A7680B00B517B9 /* ASIDataDecompressor.m in Sources */,
				CD37216B15A7680B00B517B9 /* ASIDownloadCache.m in Sources */,
				CD37216C15A7680B00B517B9 /* ASIFormDataRequest.m in Sources */,
				CD37216D15A7680B00B517B9 /* ASIHTTPRequest.m in Sources */,
				CD37216E15A7680B00B517B9 /* ASIInputStream.m in Sources */,
				CD37216F15A7680B00B517B9 /* ASINetworkQueue.m in Sources */,
				CD37217015A7680B00B517B9 /* ASIWebPageRequest.m in Sources */,
				CD37217115A7680B00B517B9 /* ASICloudFilesCDNRequest.m in Sources */,
				CD37217215A7680B00B517B9 /* ASICloudFilesContainer.m in Sources */,
				CD37217315A7680B00B517B9 /* ASICloudFilesContainerRequest.m in Sources */,
				CD37217415A7680B00B517B9 /* ASICloudFilesContainerXMLParserDelegate.m in Sources */,
				CD37217515A7680B00B517B9 /* ASICloudFilesObject.m in Sources */,
				CD37217615A7680B00B517B9 /* ASICloudFilesObjectRequest.m in Sources */,
				CD37217715A7680B00B517B9 /* ASICloudFilesRequest.m in Sources */,
				CD37217815A7680B00B517B9 /* ASIS3Bucket.m in Sources */,
				CD37217915A7680B00B517B9 /* ASIS3BucketObject.m in Sources */,
				CD37217A15A7680B00B517B9 /* ASIS3BucketRequest.m in Sources */,
				CD37217B15A7680B00B517B9 /* ASIS3ObjectRequest.m in Sources */,
				CD37217C15A7680B00B517B9 /* ASIS3Request.m in Sources */,
				CD37217D15A7680B00B517B9 /* ASIS3ServiceRequest.m in Sources */,
			);
			runOnlyForDeploymentPostprocessing = 0;
		};
		CD6BD5DF159EDBB60040CAB6 /* Sources */ = {
			isa = PBXSourcesBuildPhase;
			buildActionMask = 2147483647;
			files = (
				CD6BD5F2159EDBB60040CAB6 /* EPOC_TesterTests.m in Sources */,
			);
			runOnlyForDeploymentPostprocessing = 0;
		};
/* End PBXSourcesBuildPhase section */

/* Begin PBXTargetDependency section */
		CD6BD5E9159EDBB60040CAB6 /* PBXTargetDependency */ = {
			isa = PBXTargetDependency;
			target = CD6BD5C2159EDBB60040CAB6 /* EPOC Tester */;
			targetProxy = CD6BD5E8159EDBB60040CAB6 /* PBXContainerItemProxy */;
		};
		CD93483515A4A87A00F90139 /* PBXTargetDependency */ = {
			isa = PBXTargetDependency;
			name = CocoaLibSpotify;
			targetProxy = CD93483415A4A87A00F90139 /* PBXContainerItemProxy */;
		};
		CD95D2AF15A34E080092EC7C /* PBXTargetDependency */ = {
			isa = PBXTargetDependency;
			name = CorePlot;
			targetProxy = CD95D2AE15A34E080092EC7C /* PBXContainerItemProxy */;
		};
/* End PBXTargetDependency section */

/* Begin PBXVariantGroup section */
		CD6BD5D0159EDBB60040CAB6 /* InfoPlist.strings */ = {
			isa = PBXVariantGroup;
			children = (
				CD6BD5D1159EDBB60040CAB6 /* en */,
			);
			name = InfoPlist.strings;
			sourceTree = "<group>";
		};
		CD6BD5D6159EDBB60040CAB6 /* Credits.rtf */ = {
			isa = PBXVariantGroup;
			children = (
				CD6BD5D7159EDBB60040CAB6 /* en */,
			);
			name = Credits.rtf;
			sourceTree = "<group>";
		};
		CD6BD5DC159EDBB60040CAB6 /* MainMenu.xib */ = {
			isa = PBXVariantGroup;
			children = (
				CD6BD5DD159EDBB60040CAB6 /* en */,
			);
			name = MainMenu.xib;
			sourceTree = "<group>";
		};
		CD6BD5ED159EDBB60040CAB6 /* InfoPlist.strings */ = {
			isa = PBXVariantGroup;
			children = (
				CD6BD5EE159EDBB60040CAB6 /* en */,
			);
			name = InfoPlist.strings;
			sourceTree = "<group>";
		};
/* End PBXVariantGroup section */

/* Begin XCBuildConfiguration section */
		CD6BD5F3159EDBB60040CAB6 /* Debug */ = {
			isa = XCBuildConfiguration;
			buildSettings = {
				ALWAYS_SEARCH_USER_PATHS = NO;
				ARCHS = "$(ARCHS_STANDARD_64_BIT)";
				CLANG_CXX_LANGUAGE_STANDARD = "gnu++0x";
				CLANG_ENABLE_OBJC_ARC = YES;
				CLANG_WARN__DUPLICATE_METHOD_MATCH = YES;
				COPY_PHASE_STRIP = NO;
				GCC_C_LANGUAGE_STANDARD = gnu99;
				GCC_DYNAMIC_NO_PIC = NO;
				GCC_ENABLE_OBJC_EXCEPTIONS = YES;
				GCC_OPTIMIZATION_LEVEL = 0;
				GCC_PREPROCESSOR_DEFINITIONS = (
					"DEBUG=1",
					"$(inherited)",
				);
				GCC_SYMBOLS_PRIVATE_EXTERN = NO;
				GCC_VERSION = com.apple.compilers.llvmgcc42;
				GCC_WARN_64_TO_32_BIT_CONVERSION = YES;
				GCC_WARN_ABOUT_RETURN_TYPE = YES;
				GCC_WARN_UNINITIALIZED_AUTOS = YES;
				GCC_WARN_UNUSED_VARIABLE = YES;
				HEADER_SEARCH_PATHS = $SDK_DIR/usr/include/libxml2;
				MACOSX_DEPLOYMENT_TARGET = 10.8;
				ONLY_ACTIVE_ARCH = YES;
				OTHER_LDFLAGS = (
					"-ObjC",
					"-all_load",
				);
				SDKROOT = macosx;
			};
			name = Debug;
		};
		CD6BD5F4159EDBB60040CAB6 /* Release */ = {
			isa = XCBuildConfiguration;
			buildSettings = {
				ALWAYS_SEARCH_USER_PATHS = NO;
				ARCHS = "$(ARCHS_STANDARD_64_BIT)";
				CLANG_CXX_LANGUAGE_STANDARD = "gnu++0x";
				CLANG_ENABLE_OBJC_ARC = YES;
				CLANG_WARN__DUPLICATE_METHOD_MATCH = YES;
				COPY_PHASE_STRIP = YES;
				DEBUG_INFORMATION_FORMAT = "dwarf-with-dsym";
				GCC_C_LANGUAGE_STANDARD = gnu99;
				GCC_ENABLE_OBJC_EXCEPTIONS = YES;
				GCC_VERSION = com.apple.compilers.llvmgcc42;
				GCC_WARN_64_TO_32_BIT_CONVERSION = YES;
				GCC_WARN_ABOUT_RETURN_TYPE = YES;
				GCC_WARN_UNINITIALIZED_AUTOS = YES;
				GCC_WARN_UNUSED_VARIABLE = YES;
				HEADER_SEARCH_PATHS = $SDK_DIR/usr/include/libxml2;
				MACOSX_DEPLOYMENT_TARGET = 10.8;
				OTHER_LDFLAGS = (
					"-ObjC",
					"-all_load",
				);
				SDKROOT = macosx;
			};
			name = Release;
		};
		CD6BD5F6159EDBB60040CAB6 /* Debug */ = {
			isa = XCBuildConfiguration;
			buildSettings = {
				COMBINE_HIDPI_IMAGES = YES;
				FRAMEWORK_SEARCH_PATHS = (
					"$(inherited)",
					"\"$(SRCROOT)/../../Downloads/CorePlot_1.0/Binaries/MacOS\"",
					"\"$(SRCROOT)/../../Downloads/spotify-cocoalibspotify-3be59f4/Mac Framework/libspotify-12.1.45-Darwin-universal\"",
				);
				GCC_OPTIMIZATION_LEVEL = 2;
				GCC_PRECOMPILE_PREFIX_HEADER = YES;
				GCC_PREFIX_HEADER = "EPOC Tester/EPOC Tester-Prefix.pch";
				GCC_VERSION = "";
				HEADER_SEARCH_PATHS = (
					$SDK_DIR/usr/include/libxml2,
					/,
				);
				INFOPLIST_FILE = "EPOC Tester/EPOC Tester-Info.plist";
				PRODUCT_NAME = "$(TARGET_NAME)";
				WRAPPER_EXTENSION = app;
			};
			name = Debug;
		};
		CD6BD5F7159EDBB60040CAB6 /* Release */ = {
			isa = XCBuildConfiguration;
			buildSettings = {
				COMBINE_HIDPI_IMAGES = YES;
				FRAMEWORK_SEARCH_PATHS = (
					"$(inherited)",
					"\"$(SRCROOT)/../../Downloads/CorePlot_1.0/Binaries/MacOS\"",
					"\"$(SRCROOT)/../../Downloads/spotify-cocoalibspotify-3be59f4/Mac Framework/libspotify-12.1.45-Darwin-universal\"",
				);
				GCC_PRECOMPILE_PREFIX_HEADER = YES;
				GCC_PREFIX_HEADER = "EPOC Tester/EPOC Tester-Prefix.pch";
				GCC_VERSION = "";
				HEADER_SEARCH_PATHS = (
					$SDK_DIR/usr/include/libxml2,
					/,
				);
				INFOPLIST_FILE = "EPOC Tester/EPOC Tester-Info.plist";
				PRODUCT_NAME = "$(TARGET_NAME)";
				WRAPPER_EXTENSION = app;
			};
			name = Release;
		};
		CD6BD5F9159EDBB60040CAB6 /* Debug */ = {
			isa = XCBuildConfiguration;
			buildSettings = {
				BUNDLE_LOADER = "$(BUILT_PRODUCTS_DIR)/EPOC Tester.app/Contents/MacOS/EPOC Tester";
				COMBINE_HIDPI_IMAGES = YES;
				FRAMEWORK_SEARCH_PATHS = "\"$(DEVELOPER_LIBRARY_DIR)/Frameworks\"";
				GCC_PRECOMPILE_PREFIX_HEADER = YES;
				GCC_PREFIX_HEADER = "EPOC Tester/EPOC Tester-Prefix.pch";
				INFOPLIST_FILE = "EPOC TesterTests/EPOC TesterTests-Info.plist";
				PRODUCT_NAME = "$(TARGET_NAME)";
				TEST_HOST = "$(BUNDLE_LOADER)";
				WRAPPER_EXTENSION = octest;
			};
			name = Debug;
		};
		CD6BD5FA159EDBB60040CAB6 /* Release */ = {
			isa = XCBuildConfiguration;
			buildSettings = {
				BUNDLE_LOADER = "$(BUILT_PRODUCTS_DIR)/EPOC Tester.app/Contents/MacOS/EPOC Tester";
				COMBINE_HIDPI_IMAGES = YES;
				FRAMEWORK_SEARCH_PATHS = "\"$(DEVELOPER_LIBRARY_DIR)/Frameworks\"";
				GCC_PRECOMPILE_PREFIX_HEADER = YES;
				GCC_PREFIX_HEADER = "EPOC Tester/EPOC Tester-Prefix.pch";
				INFOPLIST_FILE = "EPOC TesterTests/EPOC TesterTests-Info.plist";
				PRODUCT_NAME = "$(TARGET_NAME)";
				TEST_HOST = "$(BUNDLE_LOADER)";
				WRAPPER_EXTENSION = octest;
			};
			name = Release;
		};
/* End XCBuildConfiguration section */

/* Begin XCConfigurationList section */
		CD6BD5BD159EDBB60040CAB6 /* Build configuration list for PBXProject "EPOC Tester" */ = {
			isa = XCConfigurationList;
			buildConfigurations = (
				CD6BD5F3159EDBB60040CAB6 /* Debug */,
				CD6BD5F4159EDBB60040CAB6 /* Release */,
			);
			defaultConfigurationIsVisible = 0;
			defaultConfigurationName = Release;
		};
		CD6BD5F5159EDBB60040CAB6 /* Build configuration list for PBXNativeTarget "EPOC Tester" */ = {
			isa = XCConfigurationList;
			buildConfigurations = (
				CD6BD5F6159EDBB60040CAB6 /* Debug */,
				CD6BD5F7159EDBB60040CAB6 /* Release */,
			);
			defaultConfigurationIsVisible = 0;
			defaultConfigurationName = Release;
		};
		CD6BD5F8159EDBB60040CAB6 /* Build configuration list for PBXNativeTarget "EPOC TesterTests" */ = {
			isa = XCConfigurationList;
			buildConfigurations = (
				CD6BD5F9159EDBB60040CAB6 /* Debug */,
				CD6BD5FA159EDBB60040CAB6 /* Release */,
			);
			defaultConfigurationIsVisible = 0;
			defaultConfigurationName = Release;
		};
/* End XCConfigurationList section */
	};
	rootObject = CD6BD5BA159EDBB60040CAB6 /* Project object */;
}
